# Build/test dependencies only; runtime is stdlib-only. Python 3.12 Linux/Windows x86_64.
# Hashes from HTTPS PyPI release metadata; wheel-only installs.
setuptools==80.9.0 \
    --hash=sha256:062d34222ad13e0cc312a4c02d73f059e86a4acbfbdea8f8f76b28c99f306922
wheel==0.45.1 \
    --hash=sha256:708e7481cc80179af0e556bbf0cc00b8444c7321e2700b8d8580231d13017248
build==1.2.2.post1 \
    --hash=sha256:1d61c0887fa860c01971625baae8bdd338e517b836a2f70dd1f7aa3a6b2fc5b5
packaging==25.0 \
    --hash=sha256:29572ef2b1f17581046b3a2227d5c611fb25ec70ca1ba8554b24b0e69331a484
pyproject-hooks==1.2.0 \
    --hash=sha256:9e5c6bfa8dcc30091c74b0cf803c81fdd29d94f01992a7707bc97babb1141913
jsonschema==4.25.1 \
    --hash=sha256:3fba0169e345c7175110351d456342c364814cfcf3b964ba4587f22915230a63
attrs==25.3.0 \
    --hash=sha256:427318ce031701fea540783410126f03899a97ffc6f61596ad581ac2e40e3bc3
jsonschema-specifications==2025.9.1 \
    --hash=sha256:98802fee3a11ee76ecaca44429fda8a41bff98b00a0f2838151b113f210cc6fe
referencing==0.36.2 \
    --hash=sha256:e8699adbbf8b5c7de96d8ffa0eb5c158b3beafce084968e2ea8bb08c6794dcd0
rpds-py==0.27.1 \
    --hash=sha256:466bfe65bd932da36ff279ddd92de56b042f2266d752719beb97b08526268ec5 \
    --hash=sha256:d9199717881f13c32c4046a15f024971a3b78ad4ea029e8da6b86e5aa9cf4594
typing-extensions==4.15.0 \
    --hash=sha256:f0fa19c6845758ab08074a0cfa8b7aecb71c999ca73d62883bc25cc018c4e548
colorama==0.4.6; sys_platform == "win32" \
    --hash=sha256:4f1d9991f5acc0ca119f9d443620b77f9d6b33703e51011c16baf57afb285fc6
